<?xml version="1.0" encoding="utf-8"?>
<Project ToolsVersion="4.0" xmlns="http://schemas.microsoft.com/developer/msbuild/2003">
  <ItemGroup>
    <Filter Include="Archivos de código fuente">
      <UniqueIdentifier>{4FC737F1-C7A5-4376-A066-2A32D752A2FF}</UniqueIdentifier>
      <Extensions>cpp;c;cc;cxx;def;odl;idl;hpj;bat;asm;asmx</Extensions>
    </Filter>
    <Filter Include="Archivos de encabezado">
      <UniqueIdentifier>{93995380-89BD-4b04-88EB-625FBE52EBFB}</UniqueIdentifier>
      <Extensions>h;hh;hpp;hxx;hm;inl;inc;xsd</Extensions>
    </Filter>
    <Filter Include="Archivos de recursos">
      <UniqueIdentifier>{67DA6AB6-F800-4c08-8B7A-83BB121AAD01}</UniqueIdentifier>
      <Extensions>rc;ico;cur;bmp;dlg;rc2;rct;bin;rgs;gif;jpg;jpeg;jpe;resx;tiff;tif;png;wav;mfcribbon-ms</Extensions>
    </Filter>
    <Filter Include="Modules">
      <UniqueIdentifier>{cf0ec09a-62e9-4313-81d9-d53bb4e7b086}</UniqueIdentifier>
    </Filter>
    <Filter Include="Modules\Entities">
      <UniqueIdentifier>{8dec7098-895a-48ed-914e-6ee34ec6e7d4}</UniqueIdentifier>
    </Filter>
    <Filter Include="Modules\Scenes">
      <UniqueIdentifier>{9fa4e32b-5aa9-45f6-b691-d9418a4d9acc}</UniqueIdentifier>
    </Filter>
    <Filter Include="Modules\UIElements">
      <UniqueIdentifier>{78582c9a-f5ab-4958-8ba7-10bcc1a140c2}</UniqueIdentifier>
    </Filter>
    <Filter Include="Modules\Tools">
      <UniqueIdentifier>{8e39ee1b-273f-4540-be89-ee5922f36ae7}</UniqueIdentifier>
    </Filter>
    <Filter Include="Modules\Tools\PugiXml">
      <UniqueIdentifier>{bb4c363e-0eed-41c6-aed7-257a8eebc8d6}</UniqueIdentifier>
    </Filter>
    <Filter Include="Modules\p2Containers">
      <UniqueIdentifier>{cdbc97d9-1655-4a36-944a-2ecf11281fba}</UniqueIdentifier>
    </Filter>
  </ItemGroup>
  <ItemGroup>
    <ClInclude Include="PugiXml\src\pugiconfig.hpp">
      <Filter>Modules\Tools\PugiXml</Filter>
    </ClInclude>
    <ClInclude Include="PugiXml\src\pugixml.hpp">
      <Filter>Modules\Tools\PugiXml</Filter>
    </ClInclude>
    <ClInclude Include="Animation.h">
      <Filter>Modules\Tools</Filter>
    </ClInclude>
    <ClInclude Include="j1PerfTimer.h">
      <Filter>Modules\Tools</Filter>
    </ClInclude>
    <ClInclude Include="j1Timer.h">
      <Filter>Modules\Tools</Filter>
    </ClInclude>
    <ClInclude Include="Defs.h">
      <Filter>Modules\Tools</Filter>
    </ClInclude>
    <ClInclude Include="j1App.h">
      <Filter>Modules</Filter>
    </ClInclude>
    <ClInclude Include="p2List.h">
      <Filter>Modules\p2Containers</Filter>
    </ClInclude>
    <ClInclude Include="p2Log.h">
      <Filter>Modules\p2Containers</Filter>
    </ClInclude>
    <ClInclude Include="p2Point.h">
      <Filter>Modules\p2Containers</Filter>
    </ClInclude>
    <ClInclude Include="NTree.h">
      <Filter>Modules\Tools</Filter>
    </ClInclude>
    <ClInclude Include="j1Scene.h">
      <Filter>Modules\Scenes</Filter>
    </ClInclude>
    <ClInclude Include="j1Gui.h">
      <Filter>Modules</Filter>
    </ClInclude>
    <ClInclude Include="j1Textures.h">
      <Filter>Modules</Filter>
    </ClInclude>
    <ClInclude Include="j1Input.h">
      <Filter>Modules</Filter>
    </ClInclude>
    <ClInclude Include="j1Collision.h">
      <Filter>Modules</Filter>
    </ClInclude>
    <ClInclude Include="j1Audio.h">
      <Filter>Modules</Filter>
    </ClInclude>
    <ClInclude Include="j1EntityFactory.h">
      <Filter>Modules</Filter>
    </ClInclude>
    <ClInclude Include="j1Fonts.h">
      <Filter>Modules</Filter>
    </ClInclude>
    <ClInclude Include="j1Window.h">
      <Filter>Modules</Filter>
    </ClInclude>
    <ClInclude Include="j1Render.h">
      <Filter>Modules</Filter>
    </ClInclude>
    <ClInclude Include="j1Pathfinding.h">
      <Filter>Modules</Filter>
    </ClInclude>
    <ClInclude Include="j1FadeToBlack.h">
      <Filter>Modules</Filter>
    </ClInclude>
    <ClInclude Include="j1Map.h">
      <Filter>Modules</Filter>
    </ClInclude>
    <ClInclude Include="j1Module.h">
      <Filter>Modules</Filter>
    </ClInclude>
    <ClInclude Include="Entity.h">
      <Filter>Modules\Entities</Filter>
    </ClInclude>
    <ClInclude Include="UIButton.h">
      <Filter>Modules\UIElements</Filter>
    </ClInclude>
    <ClInclude Include="UICursor.h">
      <Filter>Modules\UIElements</Filter>
    </ClInclude>
    <ClInclude Include="UIElement.h">
      <Filter>Modules\UIElements</Filter>
    </ClInclude>
    <ClInclude Include="UIImage.h">
      <Filter>Modules\UIElements</Filter>
    </ClInclude>
    <ClInclude Include="UILabel.h">
      <Filter>Modules\UIElements</Filter>
    </ClInclude>
    <ClInclude Include="Player.h">
      <Filter>Modules\Entities</Filter>
    </ClInclude>
    <ClInclude Include="j1Particles.h">
      <Filter>Modules</Filter>
    </ClInclude>
  </ItemGroup>
  <ItemGroup>
    <ClCompile Include="PugiXml\src\pugixml.cpp">
      <Filter>Modules\Tools\PugiXml</Filter>
    </ClCompile>
    <ClCompile Include="j1PerfTimer.cpp">
      <Filter>Modules\Tools</Filter>
    </ClCompile>
    <ClCompile Include="j1Timer.cpp">
      <Filter>Modules\Tools</Filter>
    </ClCompile>
    <ClCompile Include="j1App.cpp">
      <Filter>Modules</Filter>
    </ClCompile>
    <ClCompile Include="p2Log.cpp">
      <Filter>Modules\p2Containers</Filter>
    </ClCompile>
    <ClCompile Include="j1Scene.cpp">
      <Filter>Modules\Scenes</Filter>
    </ClCompile>
    <ClCompile Include="j1Gui.cpp">
      <Filter>Modules</Filter>
    </ClCompile>
    <ClCompile Include="j1Textures.cpp">
      <Filter>Modules</Filter>
    </ClCompile>
    <ClCompile Include="j1Main.cpp">
      <Filter>Modules</Filter>
    </ClCompile>
    <ClCompile Include="j1Input.cpp">
      <Filter>Modules</Filter>
    </ClCompile>
    <ClCompile Include="j1Collision.cpp">
      <Filter>Modules</Filter>
    </ClCompile>
    <ClCompile Include="j1Audio.cpp">
      <Filter>Modules</Filter>
    </ClCompile>
    <ClCompile Include="j1EntityFactory.cpp">
      <Filter>Modules</Filter>
    </ClCompile>
    <ClCompile Include="j1Fonts.cpp">
      <Filter>Modules</Filter>
    </ClCompile>
    <ClCompile Include="j1Window.cpp">
      <Filter>Modules</Filter>
    </ClCompile>
    <ClCompile Include="j1Render.cpp">
      <Filter>Modules</Filter>
    </ClCompile>
    <ClCompile Include="j1Pathfinding.cpp">
      <Filter>Modules</Filter>
    </ClCompile>
    <ClCompile Include="j1FadeToBlack.cpp">
      <Filter>Modules</Filter>
    </ClCompile>
    <ClCompile Include="j1Map.cpp">
      <Filter>Modules</Filter>
    </ClCompile>
    <ClCompile Include="Entity.cpp">
      <Filter>Modules\Entities</Filter>
    </ClCompile>
    <ClCompile Include="UIButton.cpp">
      <Filter>Modules\UIElements</Filter>
    </ClCompile>
    <ClCompile Include="UICursor.cpp">
      <Filter>Modules\UIElements</Filter>
    </ClCompile>
    <ClCompile Include="UIElement.cpp">
      <Filter>Modules\UIElements</Filter>
    </ClCompile>
    <ClCompile Include="UIImage.cpp">
      <Filter>Modules\UIElements</Filter>
    </ClCompile>
    <ClCompile Include="UILabel.cpp">
      <Filter>Modules\UIElements</Filter>
    </ClCompile>
    <ClCompile Include="Player.cpp">
      <Filter>Modules\Entities</Filter>
    </ClCompile>
    <ClCompile Include="j1Particles.cpp">
      <Filter>Modules</Filter>
    </ClCompile>
  </ItemGroup>
</Project>