<?xml version="1.0" encoding="utf-8"?>
<Project ToolsVersion="4.0" xmlns="http://schemas.microsoft.com/developer/msbuild/2003">
  <ItemGroup>
    <Filter Include="Archivos de código fuente">
      <UniqueIdentifier>{4FC737F1-C7A5-4376-A066-2A32D752A2FF}</UniqueIdentifier>
      <Extensions>cpp;c;cc;cxx;def;odl;idl;hpj;bat;asm;asmx</Extensions>
    </Filter>
    <Filter Include="Archivos de encabezado">
      <UniqueIdentifier>{93995380-89BD-4b04-88EB-625FBE52EBFB}</UniqueIdentifier>
      <Extensions>h;hh;hpp;hxx;hm;inl;inc;xsd</Extensions>
    </Filter>
    <Filter Include="Archivos de recursos">
      <UniqueIdentifier>{67DA6AB6-F800-4c08-8B7A-83BB121AAD01}</UniqueIdentifier>
      <Extensions>rc;ico;cur;bmp;dlg;rc2;rct;bin;rgs;gif;jpg;jpeg;jpe;resx;tiff;tif;png;wav;mfcribbon-ms</Extensions>
    </Filter>
    <Filter Include="Modules">
      <UniqueIdentifier>{cf0ec09a-62e9-4313-81d9-d53bb4e7b086}</UniqueIdentifier>
    </Filter>
    <Filter Include="Modules\Entities">
      <UniqueIdentifier>{8dec7098-895a-48ed-914e-6ee34ec6e7d4}</UniqueIdentifier>
    </Filter>
    <Filter Include="Modules\Scenes">
      <UniqueIdentifier>{9fa4e32b-5aa9-45f6-b691-d9418a4d9acc}</UniqueIdentifier>
    </Filter>
    <Filter Include="Modules\UIElements">
      <UniqueIdentifier>{78582c9a-f5ab-4958-8ba7-10bcc1a140c2}</UniqueIdentifier>
    </Filter>
    <Filter Include="Modules\Tools">
      <UniqueIdentifier>{8e39ee1b-273f-4540-be89-ee5922f36ae7}</UniqueIdentifier>
    </Filter>
    <Filter Include="Modules\Tools\PugiXml">
      <UniqueIdentifier>{bb4c363e-0eed-41c6-aed7-257a8eebc8d6}</UniqueIdentifier>
    </Filter>
    <Filter Include="Modules\p2Containers">
      <UniqueIdentifier>{cdbc97d9-1655-4a36-944a-2ecf11281fba}</UniqueIdentifier>
    </Filter>
    <Filter Include="Modules\Entities\DynamicEntities">
      <UniqueIdentifier>{0191d372-cfcc-4684-9da7-c0a379e47cf8}</UniqueIdentifier>
    </Filter>
    <Filter Include="Modules\Entities\StaticEntities">
      <UniqueIdentifier>{8eb0ffb2-7af7-42a6-b3a2-67393c283d07}</UniqueIdentifier>
    </Filter>
    <Filter Include="Modules\Entities\DynamicEntities\EnemyUnits">
      <UniqueIdentifier>{0e2f6ac0-2d0a-4cd0-a7bc-91157c10e4df}</UniqueIdentifier>
    </Filter>
    <Filter Include="Modules\Entities\DynamicEntities\PlayerUnits">
      <UniqueIdentifier>{9ca3e7f1-d5a0-4130-8555-dce1d965ffa7}</UniqueIdentifier>
    </Filter>
    <Filter Include="Modules\Entities\StaticEntities\EnemyBuildings">
      <UniqueIdentifier>{2f34f51e-d55c-43f1-8944-11cc44441086}</UniqueIdentifier>
    </Filter>
    <Filter Include="Modules\Entities\StaticEntities\PlayerBuildings">
      <UniqueIdentifier>{c998c991-e058-49cd-bbe5-c9fd6d8c53ae}</UniqueIdentifier>
    </Filter>
    <Filter Include="Modules\Entities\StaticEntities\NeutralBuildings">
      <UniqueIdentifier>{79523fc1-39f2-4b52-ae20-44a58e8fee07}</UniqueIdentifier>
    </Filter>
    <Filter Include="Modules\Player">
      <UniqueIdentifier>{7d9a35a2-3e8a-4e1c-b5e0-506e19c8d679}</UniqueIdentifier>
    </Filter>
    <Filter Include="Modules\Entities\DynamicEntities\PlayerUnits\Prisoners">
      <UniqueIdentifier>{af0236e1-4356-4730-89d1-5940da3f499e}</UniqueIdentifier>
    </Filter>
    <Filter Include="Modules\Entities\StaticEntities\PlayerBuildings\ProductionBuildings">
      <UniqueIdentifier>{ccf3be90-6cf6-4c09-b3a3-3c1bbde086e1}</UniqueIdentifier>
    </Filter>
    <Filter Include="Modules\Entities\StaticEntities\PlayerBuildings\DefenseBuildings">
      <UniqueIdentifier>{dfa694f3-6299-4555-b5cb-431c1258f6f9}</UniqueIdentifier>
    </Filter>
    <Filter Include="Modules\Entities\StaticEntities\EnemyBuildings\DefenseBuildings">
      <UniqueIdentifier>{d5df002e-e3b4-4d3d-b4e0-25e52d96f2f6}</UniqueIdentifier>
    </Filter>
    <Filter Include="Modules\Entities\StaticEntities\EnemyBuildings\ProductionBuildings">
      <UniqueIdentifier>{04f16880-8e80-409c-88de-148688e3aa48}</UniqueIdentifier>
    </Filter>
    <Filter Include="Modules\Entities\DynamicEntities\Critters">
      <UniqueIdentifier>{f78f8479-857f-4113-98c8-475f22c6346f}</UniqueIdentifier>
    </Filter>
    <Filter Include="Modules\FoW">
      <UniqueIdentifier>{2910bc40-84cd-48b8-bc49-f4c3792d98fd}</UniqueIdentifier>
    </Filter>
  </ItemGroup>
  <ItemGroup>
    <ClInclude Include="PugiXml\src\pugiconfig.hpp">
      <Filter>Modules\Tools\PugiXml</Filter>
    </ClInclude>
    <ClInclude Include="PugiXml\src\pugixml.hpp">
      <Filter>Modules\Tools\PugiXml</Filter>
    </ClInclude>
    <ClInclude Include="Animation.h">
      <Filter>Modules\Tools</Filter>
    </ClInclude>
    <ClInclude Include="j1PerfTimer.h">
      <Filter>Modules\Tools</Filter>
    </ClInclude>
    <ClInclude Include="j1Timer.h">
      <Filter>Modules\Tools</Filter>
    </ClInclude>
    <ClInclude Include="Defs.h">
      <Filter>Modules\Tools</Filter>
    </ClInclude>
    <ClInclude Include="j1App.h">
      <Filter>Modules</Filter>
    </ClInclude>
    <ClInclude Include="p2List.h">
      <Filter>Modules\p2Containers</Filter>
    </ClInclude>
    <ClInclude Include="p2Log.h">
      <Filter>Modules\p2Containers</Filter>
    </ClInclude>
    <ClInclude Include="p2Point.h">
      <Filter>Modules\p2Containers</Filter>
    </ClInclude>
    <ClInclude Include="NTree.h">
      <Filter>Modules\Tools</Filter>
    </ClInclude>
    <ClInclude Include="j1Scene.h">
      <Filter>Modules\Scenes</Filter>
    </ClInclude>
    <ClInclude Include="j1Gui.h">
      <Filter>Modules</Filter>
    </ClInclude>
    <ClInclude Include="j1Textures.h">
      <Filter>Modules</Filter>
    </ClInclude>
    <ClInclude Include="j1Input.h">
      <Filter>Modules</Filter>
    </ClInclude>
    <ClInclude Include="j1Collision.h">
      <Filter>Modules</Filter>
    </ClInclude>
    <ClInclude Include="j1Audio.h">
      <Filter>Modules</Filter>
    </ClInclude>
    <ClInclude Include="j1EntityFactory.h">
      <Filter>Modules</Filter>
    </ClInclude>
    <ClInclude Include="j1Fonts.h">
      <Filter>Modules</Filter>
    </ClInclude>
    <ClInclude Include="j1Window.h">
      <Filter>Modules</Filter>
    </ClInclude>
    <ClInclude Include="j1Render.h">
      <Filter>Modules</Filter>
    </ClInclude>
    <ClInclude Include="j1Pathfinding.h">
      <Filter>Modules</Filter>
    </ClInclude>
    <ClInclude Include="j1FadeToBlack.h">
      <Filter>Modules</Filter>
    </ClInclude>
    <ClInclude Include="j1Map.h">
      <Filter>Modules</Filter>
    </ClInclude>
    <ClInclude Include="j1Module.h">
      <Filter>Modules</Filter>
    </ClInclude>
    <ClInclude Include="Entity.h">
      <Filter>Modules\Entities</Filter>
    </ClInclude>
    <ClInclude Include="UIButton.h">
      <Filter>Modules\UIElements</Filter>
    </ClInclude>
    <ClInclude Include="UICursor.h">
      <Filter>Modules\UIElements</Filter>
    </ClInclude>
    <ClInclude Include="UIElement.h">
      <Filter>Modules\UIElements</Filter>
    </ClInclude>
    <ClInclude Include="UIImage.h">
      <Filter>Modules\UIElements</Filter>
    </ClInclude>
    <ClInclude Include="UILabel.h">
      <Filter>Modules\UIElements</Filter>
    </ClInclude>
    <ClInclude Include="j1Particles.h">
      <Filter>Modules</Filter>
    </ClInclude>
    <ClInclude Include="UIInputText.h">
      <Filter>Modules\UIElements</Filter>
    </ClInclude>
    <ClInclude Include="StaticEntity.h">
      <Filter>Modules\Entities</Filter>
    </ClInclude>
    <ClInclude Include="DynamicEntity.h">
      <Filter>Modules\Entities</Filter>
    </ClInclude>
    <ClInclude Include="Dragon.h">
      <Filter>Modules\Entities\DynamicEntities\EnemyUnits</Filter>
    </ClInclude>
    <ClInclude Include="ElvenArcher.h">
      <Filter>Modules\Entities\DynamicEntities\PlayerUnits</Filter>
    </ClInclude>
    <ClInclude Include="Footman.h">
      <Filter>Modules\Entities\DynamicEntities\PlayerUnits</Filter>
    </ClInclude>
    <ClInclude Include="Grunt.h">
      <Filter>Modules\Entities\DynamicEntities\EnemyUnits</Filter>
    </ClInclude>
    <ClInclude Include="GryphonRider.h">
      <Filter>Modules\Entities\DynamicEntities\PlayerUnits</Filter>
    </ClInclude>
    <ClInclude Include="Mage.h">
      <Filter>Modules\Entities\DynamicEntities\PlayerUnits</Filter>
    </ClInclude>
    <ClInclude Include="TrollAxethrower.h">
      <Filter>Modules\Entities\DynamicEntities\EnemyUnits</Filter>
    </ClInclude>
    <ClInclude Include="GoldMine.h">
      <Filter>Modules\Entities\StaticEntities\NeutralBuildings</Filter>
    </ClInclude>
    <ClInclude Include="Runestone.h">
      <Filter>Modules\Entities\StaticEntities\NeutralBuildings</Filter>
    </ClInclude>
    <ClInclude Include="j1Player.h">
      <Filter>Modules\Player</Filter>
    </ClInclude>
    <ClInclude Include="Alleria.h">
      <Filter>Modules\Entities\DynamicEntities\PlayerUnits\Prisoners</Filter>
    </ClInclude>
    <ClInclude Include="Turalyon.h">
      <Filter>Modules\Entities\DynamicEntities\PlayerUnits\Prisoners</Filter>
    </ClInclude>
    <ClInclude Include="Barracks.h">
      <Filter>Modules\Entities\StaticEntities\PlayerBuildings\ProductionBuildings</Filter>
    </ClInclude>
    <ClInclude Include="ChickenFarm.h">
      <Filter>Modules\Entities\StaticEntities\PlayerBuildings\ProductionBuildings</Filter>
    </ClInclude>
    <ClInclude Include="GryphonAviary.h">
      <Filter>Modules\Entities\StaticEntities\PlayerBuildings\ProductionBuildings</Filter>
    </ClInclude>
    <ClInclude Include="MageTower.h">
      <Filter>Modules\Entities\StaticEntities\PlayerBuildings\ProductionBuildings</Filter>
    </ClInclude>
    <ClInclude Include="Stables.h">
      <Filter>Modules\Entities\StaticEntities\PlayerBuildings\ProductionBuildings</Filter>
    </ClInclude>
    <ClInclude Include="TownHall.h">
      <Filter>Modules\Entities\StaticEntities\PlayerBuildings\ProductionBuildings</Filter>
    </ClInclude>
    <ClInclude Include="PlayerCannonTower.h">
      <Filter>Modules\Entities\StaticEntities\PlayerBuildings\DefenseBuildings</Filter>
    </ClInclude>
    <ClInclude Include="PlayerGuardTower.h">
      <Filter>Modules\Entities\StaticEntities\PlayerBuildings\DefenseBuildings</Filter>
    </ClInclude>
    <ClInclude Include="ScoutTower.h">
      <Filter>Modules\Entities\StaticEntities\PlayerBuildings\DefenseBuildings</Filter>
    </ClInclude>
    <ClInclude Include="j1Console.h">
      <Filter>Modules</Filter>
    </ClInclude>
    <ClInclude Include="ElvenLumberMill.h">
      <Filter>Modules\Entities\StaticEntities\PlayerBuildings\ProductionBuildings</Filter>
    </ClInclude>
    <ClInclude Include="Paladin.h">
      <Filter>Modules\Entities\DynamicEntities\PlayerUnits</Filter>
    </ClInclude>
    <ClInclude Include="UILifeBar.h">
      <Filter>Modules\UIElements</Filter>
    </ClInclude>
    <ClInclude Include="j1Movement.h">
      <Filter>Modules</Filter>
    </ClInclude>
    <ClInclude Include="j1PathManager.h">
      <Filter>Modules</Filter>
    </ClInclude>
    <ClInclude Include="j1Menu.h">
      <Filter>Modules</Filter>
    </ClInclude>
    <ClInclude Include="UISlider.h">
      <Filter>Modules\UIElements</Filter>
    </ClInclude>
    <ClInclude Include="j1Movement.h">
      <Filter>Archivos de encabezado</Filter>
    </ClInclude>
    <ClInclude Include="j1Pathmanager.h">
      <Filter>Archivos de encabezado</Filter>
    </ClInclude>
    <ClInclude Include="EnemyCannonTower.h">
      <Filter>Modules\Entities\StaticEntities\EnemyBuildings\DefenseBuildings</Filter>
    </ClInclude>
    <ClInclude Include="EnemyGuardTower.h">
      <Filter>Modules\Entities\StaticEntities\EnemyBuildings\DefenseBuildings</Filter>
    </ClInclude>
    <ClInclude Include="WatchTower.h">
      <Filter>Modules\Entities\StaticEntities\EnemyBuildings\DefenseBuildings</Filter>
    </ClInclude>
    <ClInclude Include="PigFarm.h">
      <Filter>Modules\Entities\StaticEntities\EnemyBuildings\ProductionBuildings</Filter>
    </ClInclude>
    <ClInclude Include="DragonRoost.h">
      <Filter>Modules\Entities\StaticEntities\EnemyBuildings\ProductionBuildings</Filter>
    </ClInclude>
    <ClInclude Include="TempleOfTheDamned.h">
      <Filter>Modules\Entities\StaticEntities\EnemyBuildings\ProductionBuildings</Filter>
    </ClInclude>
    <ClInclude Include="EnemyBarracks.h">
      <Filter>Modules\Entities\StaticEntities\EnemyBuildings\ProductionBuildings</Filter>
    </ClInclude>
    <ClInclude Include="GreatHall.h">
      <Filter>Modules\Entities\StaticEntities\EnemyBuildings\ProductionBuildings</Filter>
    </ClInclude>
    <ClInclude Include="Stronghold.h">
      <Filter>Modules\Entities\StaticEntities\EnemyBuildings\ProductionBuildings</Filter>
    </ClInclude>
    <ClInclude Include="Fortress.h">
      <Filter>Modules\Entities\StaticEntities\EnemyBuildings\ProductionBuildings</Filter>
    </ClInclude>
    <ClInclude Include="TrollLumberMill.h">
      <Filter>Modules\Entities\StaticEntities\EnemyBuildings\ProductionBuildings</Filter>
    </ClInclude>
    <ClInclude Include="AltarOfStorms.h">
      <Filter>Modules\Entities\StaticEntities\EnemyBuildings\ProductionBuildings</Filter>
    </ClInclude>
    <ClInclude Include="OgreMound.h">
      <Filter>Modules\Entities\StaticEntities\EnemyBuildings\ProductionBuildings</Filter>
    </ClInclude>
    <ClInclude Include="EnemyBlacksmith.h">
      <Filter>Modules\Entities\StaticEntities\EnemyBuildings\ProductionBuildings</Filter>
    </ClInclude>
    <ClInclude Include="j1FinishGame.h">
      <Filter>Modules</Filter>
    </ClInclude>
    <ClInclude Include="Goal.h">
      <Filter>Modules</Filter>
    </ClInclude>
    <ClInclude Include="CritterBoar.h">
      <Filter>Modules\Entities\DynamicEntities\Critters</Filter>
    </ClInclude>
    <ClInclude Include="CritterSheep.h">
      <Filter>Modules\Entities\DynamicEntities\Critters</Filter>
    </ClInclude>
    <ClInclude Include="UIMinimap.h">
      <Filter>Modules\UIElements</Filter>
    </ClInclude>
    <ClInclude Include="j1Printer.h">
      <Filter>Modules</Filter>
    </ClInclude>
    <ClInclude Include="j1EnemyWave.h">
      <Filter>Modules</Filter>
    </ClInclude>
    <ClInclude Include="j1FogOfWar.h">
      <Filter>Modules\FoW</Filter>
    </ClInclude>
    <ClInclude Include="OrcShip.h">
      <Filter>Modules\Entities\DynamicEntities\EnemyUnits</Filter>
    </ClInclude>
  </ItemGroup>
  <ItemGroup>
    <ClCompile Include="PugiXml\src\pugixml.cpp">
      <Filter>Modules\Tools\PugiXml</Filter>
    </ClCompile>
    <ClCompile Include="j1PerfTimer.cpp">
      <Filter>Modules\Tools</Filter>
    </ClCompile>
    <ClCompile Include="j1Timer.cpp">
      <Filter>Modules\Tools</Filter>
    </ClCompile>
    <ClCompile Include="j1App.cpp">
      <Filter>Modules</Filter>
    </ClCompile>
    <ClCompile Include="p2Log.cpp">
      <Filter>Modules\p2Containers</Filter>
    </ClCompile>
    <ClCompile Include="j1Scene.cpp">
      <Filter>Modules\Scenes</Filter>
    </ClCompile>
    <ClCompile Include="j1Gui.cpp">
      <Filter>Modules</Filter>
    </ClCompile>
    <ClCompile Include="j1Textures.cpp">
      <Filter>Modules</Filter>
    </ClCompile>
    <ClCompile Include="j1Main.cpp">
      <Filter>Modules</Filter>
    </ClCompile>
    <ClCompile Include="j1Input.cpp">
      <Filter>Modules</Filter>
    </ClCompile>
    <ClCompile Include="j1Collision.cpp">
      <Filter>Modules</Filter>
    </ClCompile>
    <ClCompile Include="j1Audio.cpp">
      <Filter>Modules</Filter>
    </ClCompile>
    <ClCompile Include="j1EntityFactory.cpp">
      <Filter>Modules</Filter>
    </ClCompile>
    <ClCompile Include="j1Fonts.cpp">
      <Filter>Modules</Filter>
    </ClCompile>
    <ClCompile Include="j1Window.cpp">
      <Filter>Modules</Filter>
    </ClCompile>
    <ClCompile Include="j1Render.cpp">
      <Filter>Modules</Filter>
    </ClCompile>
    <ClCompile Include="j1Pathfinding.cpp">
      <Filter>Modules</Filter>
    </ClCompile>
    <ClCompile Include="j1FadeToBlack.cpp">
      <Filter>Modules</Filter>
    </ClCompile>
    <ClCompile Include="j1Map.cpp">
      <Filter>Modules</Filter>
    </ClCompile>
    <ClCompile Include="Entity.cpp">
      <Filter>Modules\Entities</Filter>
    </ClCompile>
    <ClCompile Include="UIButton.cpp">
      <Filter>Modules\UIElements</Filter>
    </ClCompile>
    <ClCompile Include="UICursor.cpp">
      <Filter>Modules\UIElements</Filter>
    </ClCompile>
    <ClCompile Include="UIElement.cpp">
      <Filter>Modules\UIElements</Filter>
    </ClCompile>
    <ClCompile Include="UIImage.cpp">
      <Filter>Modules\UIElements</Filter>
    </ClCompile>
    <ClCompile Include="UILabel.cpp">
      <Filter>Modules\UIElements</Filter>
    </ClCompile>
    <ClCompile Include="j1Particles.cpp">
      <Filter>Modules</Filter>
    </ClCompile>
    <ClCompile Include="UIInputText.cpp">
      <Filter>Modules\UIElements</Filter>
    </ClCompile>
    <ClCompile Include="StaticEntity.cpp">
      <Filter>Modules\Entities</Filter>
    </ClCompile>
    <ClCompile Include="DynamicEntity.cpp">
      <Filter>Modules\Entities</Filter>
    </ClCompile>
    <ClCompile Include="Dragon.cpp">
      <Filter>Modules\Entities\DynamicEntities\EnemyUnits</Filter>
    </ClCompile>
    <ClCompile Include="ElvenArcher.cpp">
      <Filter>Modules\Entities\DynamicEntities\PlayerUnits</Filter>
    </ClCompile>
    <ClCompile Include="Footman.cpp">
      <Filter>Modules\Entities\DynamicEntities\PlayerUnits</Filter>
    </ClCompile>
    <ClCompile Include="Grunt.cpp">
      <Filter>Modules\Entities\DynamicEntities\EnemyUnits</Filter>
    </ClCompile>
    <ClCompile Include="GryphonRider.cpp">
      <Filter>Modules\Entities\DynamicEntities\PlayerUnits</Filter>
    </ClCompile>
    <ClCompile Include="Mage.cpp">
      <Filter>Modules\Entities\DynamicEntities\PlayerUnits</Filter>
    </ClCompile>
    <ClCompile Include="TrollAxethrower.cpp">
      <Filter>Modules\Entities\DynamicEntities\EnemyUnits</Filter>
    </ClCompile>
    <ClCompile Include="GoldMine.cpp">
      <Filter>Modules\Entities\StaticEntities\NeutralBuildings</Filter>
    </ClCompile>
    <ClCompile Include="Runestone.cpp">
      <Filter>Modules\Entities\StaticEntities\NeutralBuildings</Filter>
    </ClCompile>
    <ClCompile Include="j1Player.cpp">
      <Filter>Modules\Player</Filter>
    </ClCompile>
    <ClCompile Include="Alleria.cpp">
      <Filter>Modules\Entities\DynamicEntities\PlayerUnits\Prisoners</Filter>
    </ClCompile>
    <ClCompile Include="Turalyon.cpp">
      <Filter>Modules\Entities\DynamicEntities\PlayerUnits\Prisoners</Filter>
    </ClCompile>
    <ClCompile Include="Paladin.cpp">
      <Filter>Modules\Entities\DynamicEntities\PlayerUnits</Filter>
    </ClCompile>
    <ClCompile Include="Barracks.cpp">
      <Filter>Modules\Entities\StaticEntities\PlayerBuildings\ProductionBuildings</Filter>
    </ClCompile>
    <ClCompile Include="ChickenFarm.cpp">
      <Filter>Modules\Entities\StaticEntities\PlayerBuildings\ProductionBuildings</Filter>
    </ClCompile>
    <ClCompile Include="GryphonAviary.cpp">
      <Filter>Modules\Entities\StaticEntities\PlayerBuildings\ProductionBuildings</Filter>
    </ClCompile>
    <ClCompile Include="MageTower.cpp">
      <Filter>Modules\Entities\StaticEntities\PlayerBuildings\ProductionBuildings</Filter>
    </ClCompile>
    <ClCompile Include="Stables.cpp">
      <Filter>Modules\Entities\StaticEntities\PlayerBuildings\ProductionBuildings</Filter>
    </ClCompile>
    <ClCompile Include="TownHall.cpp">
      <Filter>Modules\Entities\StaticEntities\PlayerBuildings\ProductionBuildings</Filter>
    </ClCompile>
    <ClCompile Include="PlayerCannonTower.cpp">
      <Filter>Modules\Entities\StaticEntities\PlayerBuildings\DefenseBuildings</Filter>
    </ClCompile>
    <ClCompile Include="PlayerGuardTower.cpp">
      <Filter>Modules\Entities\StaticEntities\PlayerBuildings\DefenseBuildings</Filter>
    </ClCompile>
    <ClCompile Include="ScoutTower.cpp">
      <Filter>Modules\Entities\StaticEntities\PlayerBuildings\DefenseBuildings</Filter>
    </ClCompile>
    <ClCompile Include="j1Console.cpp">
      <Filter>Modules</Filter>
    </ClCompile>
    <ClCompile Include="ElvenLumberMill.cpp">
      <Filter>Modules\Entities\StaticEntities\PlayerBuildings\ProductionBuildings</Filter>
    </ClCompile>
    <ClCompile Include="UILifeBar.cpp">
      <Filter>Modules\UIElements</Filter>
    </ClCompile>
    <ClCompile Include="j1Movement.cpp">
      <Filter>Modules</Filter>
    </ClCompile>
    <ClCompile Include="j1PathManager.cpp">
      <Filter>Modules</Filter>
    </ClCompile>
    <ClCompile Include="j1Menu.cpp">
      <Filter>Modules</Filter>
    </ClCompile>
    <ClCompile Include="UISlider.cpp">
      <Filter>Modules\UIElements</Filter>
    </ClCompile>
    <ClCompile Include="j1Movement.cpp">
      <Filter>Archivos de código fuente</Filter>
    </ClCompile>
    <ClCompile Include="j1Pathmanager.cpp">
      <Filter>Archivos de código fuente</Filter>
    </ClCompile>
    <ClCompile Include="EnemyCannonTower.cpp">
      <Filter>Modules\Entities\StaticEntities\EnemyBuildings\DefenseBuildings</Filter>
    </ClCompile>
    <ClCompile Include="EnemyGuardTower.cpp">
      <Filter>Modules\Entities\StaticEntities\EnemyBuildings\DefenseBuildings</Filter>
    </ClCompile>
    <ClCompile Include="WatchTower.cpp">
      <Filter>Modules\Entities\StaticEntities\EnemyBuildings\DefenseBuildings</Filter>
    </ClCompile>
    <ClCompile Include="PigFarm.cpp">
      <Filter>Modules\Entities\StaticEntities\EnemyBuildings\ProductionBuildings</Filter>
    </ClCompile>
    <ClCompile Include="DragonRoost.cpp">
      <Filter>Modules\Entities\StaticEntities\EnemyBuildings\ProductionBuildings</Filter>
    </ClCompile>
    <ClCompile Include="TempleOfTheDamned.cpp">
      <Filter>Modules\Entities\StaticEntities\EnemyBuildings\ProductionBuildings</Filter>
    </ClCompile>
    <ClCompile Include="EnemyBarracks.cpp">
      <Filter>Modules\Entities\StaticEntities\EnemyBuildings\ProductionBuildings</Filter>
    </ClCompile>
    <ClCompile Include="GreatHall.cpp">
      <Filter>Modules\Entities\StaticEntities\EnemyBuildings\ProductionBuildings</Filter>
    </ClCompile>
    <ClCompile Include="Stronghold.cpp">
      <Filter>Modules\Entities\StaticEntities\EnemyBuildings\ProductionBuildings</Filter>
    </ClCompile>
    <ClCompile Include="Fortress.cpp">
      <Filter>Modules\Entities\StaticEntities\EnemyBuildings\ProductionBuildings</Filter>
    </ClCompile>
    <ClCompile Include="TrollLumberMill.cpp">
      <Filter>Modules\Entities\StaticEntities\EnemyBuildings\ProductionBuildings</Filter>
    </ClCompile>
    <ClCompile Include="AltarOfStorms.cpp">
      <Filter>Modules\Entities\StaticEntities\EnemyBuildings\ProductionBuildings</Filter>
    </ClCompile>
    <ClCompile Include="OgreMound.cpp">
      <Filter>Modules\Entities\StaticEntities\EnemyBuildings\ProductionBuildings</Filter>
    </ClCompile>
    <ClCompile Include="EnemyBlacksmith.cpp">
      <Filter>Modules\Entities\StaticEntities\EnemyBuildings\ProductionBuildings</Filter>
    </ClCompile>
    <ClCompile Include="j1FinishGame.cpp">
      <Filter>Modules</Filter>
    </ClCompile>
    <ClCompile Include="Goal.cpp">
      <Filter>Modules</Filter>
    </ClCompile>
    <ClCompile Include="CritterBoar.cpp">
      <Filter>Modules\Entities\DynamicEntities\Critters</Filter>
    </ClCompile>
    <ClCompile Include="CritterSheep.cpp">
      <Filter>Modules\Entities\DynamicEntities\Critters</Filter>
    </ClCompile>
    <ClCompile Include="UIMinimap.cpp">
      <Filter>Modules\UIElements</Filter>
    </ClCompile>
    <ClCompile Include="j1Printer.cpp">
      <Filter>Modules</Filter>
    </ClCompile>
    <ClCompile Include="j1EnemyWave.cpp">
      <Filter>Modules</Filter>
    </ClCompile>
    <ClCompile Include="Source.cpp">
      <Filter>Archivos de código fuente</Filter>
    </ClCompile>
    <ClCompile Include="j1FogOfWar.cpp">
      <Filter>Modules\FoW</Filter>
    </ClCompile>
    <ClCompile Include="OrcShip.cpp">
      <Filter>Modules\Entities\DynamicEntities\EnemyUnits</Filter>
    </ClCompile>
  </ItemGroup>
  <ItemGroup>
    <Xml Include="..\Game\config.xml">
      <Filter>Modules\Tools</Filter>
    </Xml>
  </ItemGroup>
</Project>